{
  "lockfileVersion": 1,
  "configVersion": 1,
  "workspaces": {
    "": {
      "name": "sysmon",
      "devDependencies": {
        "@types/bun": "latest",
        "@typescript/native-preview": "^7.0.0-dev.20260628.1",
      },
      "peerDependencies": {
        "typescript": "^5",
      },
    },
  },
  "packages": {
    "@types/bun": ["@types/bun@1.3.14", "", { "dependencies": { "bun-types": "1.3.14" } }, "sha512-h1hFqFVcvAvD9j9K7ZW7vd82aSA+rTdznZa+5bwvCwqSB1jmmfLcbIWhOLx1/+boy/xmjgCs/OMUL8hRJSmnPw=="],

    "@types/node": ["@types/node@26.0.1", "", { "dependencies": { "undici-types": "~8.3.0" } }, "sha512-fc3KiUoBt6kie0N9bIW3E47vZsuaMf0PM2AaUpLCLT0s/LvX1nxAim6Fc049cNxODPpGm6qRAuUOB86SkRuPQw=="],

    "@typescript/native-preview": ["@typescript/native-preview@7.0.0-dev.20260628.1", "", { "optionalDependencies": { "@typescript/native-preview-darwin-arm64": "7.0.0-dev.20260628.1", "@typescript/native-preview-darwin-x64": "7.0.0-dev.20260628.1", "@typescript/native-preview-linux-arm": "7.0.0-dev.20260628.1", "@typescript/native-preview-linux-arm64": "7.0.0-dev.20260628.1", "@typescript/native-preview-linux-x64": "7.0.0-dev.20260628.1", "@typescript/native-preview-win32-arm64": "7.0.0-dev.20260628.1", "@typescript/native-preview-win32-x64": "7.0.0-dev.20260628.1" }, "bin": { "tsgo": "bin/tsgo" } }, "sha512-359WmBk3vA/bJxfeWyLbFeeejmky7Wssc8HMu0Iabu490WJLj/FqkDC51V65yuDp+anMAEkgeKO43fj6pMb/ZA=="],

    "@typescript/native-preview-darwin-arm64": ["@typescript/native-preview-darwin-arm64@7.0.0-dev.20260628.1", "", { "os": "darwin", "cpu": "arm64" }, "sha512-eHHDHAZjbZ681sHyW87tg8mH4+xIs+Q7cHKIlrdafqeny1KYWorj3O9Qfnjvcl2Yd2Eq+IzJxffF6Tepy13L4Q=="],

    "@typescript/native-preview-darwin-x64": ["@typescript/native-preview-darwin-x64@7.0.0-dev.20260628.1", "", { "os": "darwin", "cpu": "x64" }, "sha512-xIsJSXa0Fsv0pPfQ0YYa7nUQJ/nGRF/r8p60e0Aa29SexxgOXMsu3YhOnUnJEdbvaPzqlKqa1GqNGpbGnLQcLA=="],

    "@typescript/native-preview-linux-arm": ["@typescript/native-preview-linux-arm@7.0.0-dev.20260628.1", "", { "os": "linux", "cpu": "arm" }, "sha512-BoclteE+MBOnfK0Qh21mQgrvYPy/v2k7CPTPufcNp1g1fsSvsF3Xv6K8I/grEjo3ZjNrgIvVxivoAqaQhSMlGA=="],

    "@typescript/native-preview-linux-arm64": ["@typescript/native-preview-linux-arm64@7.0.0-dev.20260628.1", "", { "os": "linux", "cpu": "arm64" }, "sha512-p3yj2a70vkaFB3OD+Vt4oNUaiE7I30fwiXs6LVNAW6k0GSHNc4ucYcWVlpcp8+cej9RBQgxMnMH5MSVYmNhUvw=="],

    "@typescript/native-preview-linux-x64": ["@typescript/native-preview-linux-x64@7.0.0-dev.20260628.1", "", { "os": "linux", "cpu": "x64" }, "sha512-LKNKDoTnM8aacpbt1u8kJR1feXpBuLlvKKbVt0RYBL4j1OA148TXKjLtbVu37I0lcVxjqERYuAybpvut2xq31w=="],

    "@typescript/native-preview-win32-arm64": ["@typescript/native-preview-win32-arm64@7.0.0-dev.20260628.1", "", { "os": "win32", "cpu": "arm64" }, "sha512-XUGCYlDAfeA4PIm7ZSZtVHmvffVoMct0LhTA/CoALhSQFnFnJdipOfsZghSyU6TCpTuzBoOhWCjBufrQC23xOQ=="],

    "@typescript/native-preview-win32-x64": ["@typescript/native-preview-win32-x64@7.0.0-dev.20260628.1", "", { "os": "win32", "cpu": "x64" }, "sha512-rJMZ+YaRv9XybOZBYAsJt7x/K2IWmX9bgRatHobl0wwkKmfKd3giNnRXcDwOqYeCaWzunCbUhAirUtuUprRcnQ=="],

    "bun-types": ["bun-types@1.3.14", "", { "dependencies": { "@types/node": "*" } }, "sha512-4N0ig0fEomHt5R0KCFWjovxow98rIoRwKolrYdCcknNwMekCXRnWEUvgu5soYV8QXtVsrUD8B95MBOZGPvr6KQ=="],

    "typescript": ["typescript@5.9.3", "", { "bin": { "tsc": "bin/tsc", "tsserver": "bin/tsserver" } }, "sha512-jl1vZzPDinLr9eUt3J/t7V6FgNEw9QjvBPdysz9KfQDD41fQrC2Y4vKQdiaUpFT4bXlb1RHhLpp8wtm6M5TgSw=="],

    "undici-types": ["undici-types@8.3.0", "", {}, "sha512-j375ScV60dom+YkPFIfTLcOiPxkN/buHz5GobjLhixFuANaNs3C9l4GmrWqejgXWJ7BbJcFYpTEUkS1Ge8bpZQ=="],
  }
}
